{
  "version": 4,
  "terraform_version": "1.3.0",
  "serial": 137,
  "lineage": "8d71a942-71ed-6ebc-223e-9c9cf6b73dee",
  "outputs": {
    "SecurityGroupDetails": {
      "value": "sg-0e5232a93caaac097",
      "type": "string"
    },
    "ip_address": {
      "value": "65.0.11.17",
      "type": "string"
    }
  },
  "resources": [
    {
      "mode": "managed",
      "type": "aws_instance",
      "name": "web",
      "provider": "provider[\"registry.terraform.io/hashicorp/aws\"]",
      "instances": [
        {
          "schema_version": 1,
          "attributes": {
            "ami": "ami-062df10d14676e201",
            "arn": "arn:aws:ec2:ap-south-1:226329851024:instance/i-0c1293f66dcba7284",
            "associate_public_ip_address": true,
            "availability_zone": "ap-south-1b",
            "capacity_reservation_specification": [
              {
                "capacity_reservation_preference": "open",
                "capacity_reservation_target": []
              }
            ],
            "cpu_core_count": 1,
            "cpu_threads_per_core": 1,
            "credit_specification": [
              {
                "cpu_credits": "standard"
              }
            ],
            "disable_api_stop": false,
            "disable_api_termination": false,
            "ebs_block_device": [],
            "ebs_optimized": false,
            "enclave_options": [
              {
                "enabled": false
              }
            ],
            "ephemeral_block_device": [],
            "get_password_data": false,
            "hibernation": false,
            "host_id": null,
            "host_resource_group_arn": null,
            "iam_instance_profile": "",
            "id": "i-0c1293f66dcba7284",
            "instance_initiated_shutdown_behavior": "stop",
            "instance_state": "running",
            "instance_type": "t2.micro",
            "ipv6_address_count": 0,
            "ipv6_addresses": [],
            "key_name": "first-key",
            "launch_template": [],
            "maintenance_options": [
              {
                "auto_recovery": "default"
              }
            ],
            "metadata_options": [
              {
                "http_endpoint": "enabled",
                "http_put_response_hop_limit": 1,
                "http_tokens": "optional",
                "instance_metadata_tags": "disabled"
              }
            ],
            "monitoring": false,
            "network_interface": [],
            "outpost_arn": "",
            "password_data": "",
            "placement_group": "",
            "placement_partition_number": null,
            "primary_network_interface_id": "eni-0ef7d297f720d8bd4",
            "private_dns": "ip-172-31-2-11.ap-south-1.compute.internal",
            "private_dns_name_options": [
              {
                "enable_resource_name_dns_a_record": false,
                "enable_resource_name_dns_aaaa_record": false,
                "hostname_type": "ip-name"
              }
            ],
            "private_ip": "172.31.2.11",
            "public_dns": "ec2-65-0-11-17.ap-south-1.compute.amazonaws.com",
            "public_ip": "65.0.11.17",
            "root_block_device": [
              {
                "delete_on_termination": true,
                "device_name": "/dev/sda1",
                "encrypted": false,
                "iops": 100,
                "kms_key_id": "",
                "tags": {},
                "throughput": 0,
                "volume_id": "vol-06df4e2d69d1803c4",
                "volume_size": 8,
                "volume_type": "gp2"
              }
            ],
            "secondary_private_ips": [],
            "security_groups": [
              "terraform-sg"
            ],
            "source_dest_check": true,
            "subnet_id": "subnet-0bd7810fb3e8c6a1a",
            "tags": {
              "Name": "My-first-tf-instance"
            },
            "tags_all": {
              "Name": "My-first-tf-instance"
            },
            "tenancy": "default",
            "timeouts": null,
            "user_data": "9f3bac33aadac749717c28b46d9823c8988482bf",
            "user_data_base64": null,
            "user_data_replace_on_change": false,
            "volume_tags": null,
            "vpc_security_group_ids": [
              "sg-0e5232a93caaac097"
            ]
          },
          "sensitive_attributes": [],
          "private": "eyJlMmJmYjczMC1lY2FhLTExZTYtOGY4OC0zNDM2M2JjN2M0YzAiOnsiY3JlYXRlIjo2MDAwMDAwMDAwMDAsImRlbGV0ZSI6MTIwMDAwMDAwMDAwMCwidXBkYXRlIjo2MDAwMDAwMDAwMDB9LCJzY2hlbWFfdmVyc2lvbiI6IjEifQ==",
          "dependencies": [
            "aws_key_pair.terra-key",
            "aws_security_group.terra_security"
          ]
        }
      ]
    },
    {
      "mode": "managed",
      "type": "aws_key_pair",
      "name": "terra-key",
      "provider": "provider[\"registry.terraform.io/hashicorp/aws\"]",
      "instances": [
        {
          "schema_version": 1,
          "attributes": {
            "arn": "arn:aws:ec2:ap-south-1:226329851024:key-pair/first-key",
            "fingerprint": "0a:15:3a:31:2f:8a:d5:ec:75:bb:8f:9c:c1:8d:ab:af",
            "id": "first-key",
            "key_name": "first-key",
            "key_name_prefix": "",
            "key_pair_id": "key-07247931c59c6ecff",
            "key_type": "rsa",
            "public_key": "ssh-rsa AAAAB3NzaC1yc2EAAAADAQABAAABgQC8nDGxTOVCQrZeEkAuYdEJTq3y5sVC7Krzjc9CgjcalXHBRRLVsk+PYeoi8vSiTq569q6VmQfDEsnOxcA3qd0xnipKF+x3IYl+Ozoj+zlAacFzZuSqQPWdapJrnmbl5FskE2Bio7cEM7YaobZ8nhG/6DFSMn2y/LUMYamhwwYVpc5Zbg6fsxp/CP9IIHGcFGxPqUmrnjC115SNoYwr7dyMsOsMLSFv3lyydNos/W/ksWcp4k+rPyhjEycSUZTqvQJ8RgLWKU/YpjTE5FRcbREb/Oe+NrLziZ8e2v0Hrvnu/dvlOJC/dmUTO4F6gOdIMrWhoCr+Wq1OuPJ18z5ywKGsHH5hPVQQ+X6OSl4bKtwmAk2PMATE556379Zlgia0GRoKDNQUNXNe5XYd90w8fnFYBLSVLQKDKMvLi0KL025P0APZ2wxFpVWA2YQaKztbsnmzWQ5pQOUmmMHMkvq1730TnE22qc6fOx/3DLRBcy7ABrX7ESJaIol5HV51yL2IkX0= kali@kali",
            "tags": null,
            "tags_all": {}
          },
          "sensitive_attributes": [],
          "private": "eyJzY2hlbWFfdmVyc2lvbiI6IjEifQ=="
        }
      ]
    },
    {
      "mode": "managed",
      "type": "aws_security_group",
      "name": "terra_security",
      "provider": "provider[\"registry.terraform.io/hashicorp/aws\"]",
      "instances": [
        {
          "schema_version": 1,
          "attributes": {
            "arn": "arn:aws:ec2:ap-south-1:226329851024:security-group/sg-0e5232a93caaac097",
            "description": "Allow inbound traffic",
            "egress": [
              {
                "cidr_blocks": [
                  "0.0.0.0/0"
                ],
                "description": "",
                "from_port": 0,
                "ipv6_cidr_blocks": [],
                "prefix_list_ids": [],
                "protocol": "-1",
                "security_groups": [],
                "self": false,
                "to_port": 0
              }
            ],
            "id": "sg-0e5232a93caaac097",
            "ingress": [
              {
                "cidr_blocks": [
                  "0.0.0.0/0"
                ],
                "description": "TLS from VPC",
                "from_port": 22,
                "ipv6_cidr_blocks": [],
                "prefix_list_ids": [],
                "protocol": "tcp",
                "security_groups": [],
                "self": false,
                "to_port": 22
              },
              {
                "cidr_blocks": [
                  "0.0.0.0/0"
                ],
                "description": "TLS from VPC",
                "from_port": 27017,
                "ipv6_cidr_blocks": [],
                "prefix_list_ids": [],
                "protocol": "tcp",
                "security_groups": [],
                "self": false,
                "to_port": 27017
              },
              {
                "cidr_blocks": [
                  "0.0.0.0/0"
                ],
                "description": "TLS from VPC",
                "from_port": 3306,
                "ipv6_cidr_blocks": [],
                "prefix_list_ids": [],
                "protocol": "tcp",
                "security_groups": [],
                "self": false,
                "to_port": 3306
              },
              {
                "cidr_blocks": [
                  "0.0.0.0/0"
                ],
                "description": "TLS from VPC",
                "from_port": 443,
                "ipv6_cidr_blocks": [],
                "prefix_list_ids": [],
                "protocol": "tcp",
                "security_groups": [],
                "self": false,
                "to_port": 443
              },
              {
                "cidr_blocks": [
                  "0.0.0.0/0"
                ],
                "description": "TLS from VPC",
                "from_port": 80,
                "ipv6_cidr_blocks": [],
                "prefix_list_ids": [],
                "protocol": "tcp",
                "security_groups": [],
                "self": false,
                "to_port": 80
              }
            ],
            "name": "terraform-sg",
            "name_prefix": "",
            "owner_id": "226329851024",
            "revoke_rules_on_delete": false,
            "tags": {
              "Name": "terra-sg"
            },
            "tags_all": {
              "Name": "terra-sg"
            },
            "timeouts": null,
            "vpc_id": "vpc-099aad1e27734993a"
          },
          "sensitive_attributes": [],
          "private": "eyJlMmJmYjczMC1lY2FhLTExZTYtOGY4OC0zNDM2M2JjN2M0YzAiOnsiY3JlYXRlIjo2MDAwMDAwMDAwMDAsImRlbGV0ZSI6OTAwMDAwMDAwMDAwfSwic2NoZW1hX3ZlcnNpb24iOiIxIn0="
        }
      ]
    }
  ],
  "check_results": []
}
